
Microsoft Visual Studio Solution File, Format Version 12.00
# Visual Studio Version 16
VisualStudioVersion = 16.0.30204.135
MinimumVisualStudioVersion = 10.0.40219.1
Project("{FAE04EC0-301F-11D3-BF4B-00C04F79EFBC}") = "Gopal", "Gopal.csproj", "{294B7856-0F81-4C4E-A348-D85D3543F3AF}"
EndProject
Global
	GlobalSection(SolutionConfigurationPlatforms) = preSolution
		Debug|Any CPU = Debug|Any CPU
		Release|Any CPU = Release|Any CPU
	EndGlobalSection
	GlobalSection(ProjectConfigurationPlatforms) = postSolution
		{294B7856-0F81-4C4E-A348-D85D3543F3AF}.Debug|Any CPU.ActiveCfg = Debug|Any CPU
		{294B7856-0F81-4C4E-A348-D85D3543F3AF}.Debug|Any CPU.Build.0 = Debug|Any CPU
		{294B7856-0F81-4C4E-A348-D85D3543F3AF}.Release|Any CPU.ActiveCfg = Release|Any CPU
		{294B7856-0F81-4C4E-A348-D85D3543F3AF}.Release|Any CPU.Build.0 = Release|Any CPU
	EndGlobalSection
	GlobalSection(SolutionProperties) = preSolution
		HideSolutionNode = FALSE
	EndGlobalSection
	GlobalSection(ExtensibilityGlobals) = postSolution
		SolutionGuid = {0EB6A7C2-5F1D-4C90-B5F5-AC00B539E18D}
	EndGlobalSection
EndGlobal
